
Microsoft Visual Studio Solution File, Format Version 12.00
# Visual Studio Version 16
VisualStudioVersion = 16.0.28803.352
MinimumVisualStudioVersion = 10.0.40219.1
Project("{FAE04EC0-301F-11D3-BF4B-00C04F79EFBC}") = "WebApplication5", "WebApplication5\WebApplication5.csproj", "{72557B08-1606-4C23-9227-5A776A034304}"
EndProject
Global
	GlobalSection(SolutionConfigurationPlatforms) = preSolution
		Debug|Any CPU = Debug|Any CPU
		Release|Any CPU = Release|Any CPU
	EndGlobalSection
	GlobalSection(ProjectConfigurationPlatforms) = postSolution
		{72557B08-1606-4C23-9227-5A776A034304}.Debug|Any CPU.ActiveCfg = Debug|Any CPU
		{72557B08-1606-4C23-9227-5A776A034304}.Debug|Any CPU.Build.0 = Debug|Any CPU
		{72557B08-1606-4C23-9227-5A776A034304}.Release|Any CPU.ActiveCfg = Release|Any CPU
		{72557B08-1606-4C23-9227-5A776A034304}.Release|Any CPU.Build.0 = Release|Any CPU
	EndGlobalSection
	GlobalSection(SolutionProperties) = preSolution
		HideSolutionNode = FALSE
	EndGlobalSection
	GlobalSection(ExtensibilityGlobals) = postSolution
		SolutionGuid = {DF142801-0D59-4169-A8B8-EBECAAED31CF}
	EndGlobalSection
EndGlobal
